// !$*UTF8*$!
{
	archiveVersion = 1;
	classes = {
	};
	objectVersion = 48;
	objects = {

/* Begin PBXBuildFile section */
		37B04CF21F81CA5F00DBB9E3 /* AppDelegate.swift in Sources */ = {isa = PBXBuildFile; fileRef = 37B04CF11F81CA5F00DBB9E3 /* AppDelegate.swift */; };
		37B04CF41F81CA5F00DBB9E3 /* ViewController.swift in Sources */ = {isa = PBXBuildFile; fileRef = 37B04CF31F81CA5F00DBB9E3 /* ViewController.swift */; };
		37B04CF71F81CA5F00DBB9E3 /* Main.storyboard in Resources */ = {isa = PBXBuildFile; fileRef = 37B04CF51F81CA5F00DBB9E3 /* Main.storyboard */; };
		37B04CF91F81CA5F00DBB9E3 /* Assets.xcassets in Resources */ = {isa = PBXBuildFile; fileRef = 37B04CF81F81CA5F00DBB9E3 /* Assets.xcassets */; };
		37B04CFC1F81CA5F00DBB9E3 /* LaunchScreen.storyboard in Resources */ = {isa = PBXBuildFile; fileRef = 37B04CFA1F81CA5F00DBB9E3 /* LaunchScreen.storyboard */; };
		37B04D041F81CB1500DBB9E3 /* brad.html in Resources */ = {isa = PBXBuildFile; fileRef = 37B04D031F81CB1500DBB9E3 /* brad.html */; };
/* End PBXBuildFile section */

/* Begin PBXFileReference section */
		37B04CEE1F81CA5F00DBB9E3 /* MyApp23.app */ = {isa = PBXFileReference; explicitFileType = wrapper.application; includeInIndex = 0; path = MyApp23.app; sourceTree = BUILT_PRODUCTS_DIR; };
		37B04CF11F81CA5F00DBB9E3 /* AppDelegate.swift */ = {isa = PBXFileReference; lastKnownFileType = sourcecode.swift; path = AppDelegate.swift; sourceTree = "<group>"; };
		37B04CF31F81CA5F00DBB9E3 /* ViewController.swift */ = {isa = PBXFileReference; lastKnownFileType = sourcecode.swift; path = ViewController.swift; sourceTree = "<group>"; };
		37B04CF61F81CA5F00DBB9E3 /* Base */ = {isa = PBXFileReference; lastKnownFileType = file.storyboard; name = Base; path = Base.lproj/Main.storyboard; sourceTree = "<group>"; };
		37B04CF81F81CA5F00DBB9E3 /* Assets.xcassets */ = {isa = PBXFileReference; lastKnownFileType = folder.assetcatalog; path = Assets.xcassets; sourceTree = "<group>"; };
		37B04CFB1F81CA5F00DBB9E3 /* Base */ = {isa = PBXFileReference; lastKnownFileType = file.storyboard; name = Base; path = Base.lproj/LaunchScreen.storyboard; sourceTree = "<group>"; };
		37B04CFD1F81CA5F00DBB9E3 /* Info.plist */ = {isa = PBXFileReference; lastKnownFileType = text.plist.xml; path = Info.plist; sourceTree = "<group>"; };
		37B04D031F81CB1500DBB9E3 /* brad.html */ = {isa = PBXFileReference; lastKnownFileType = text.html; path = brad.html; sourceTree = "<group>"; };
/* End PBXFileReference section */

/* Begin PBXFrameworksBuildPhase section */
		37B04CEB1F81CA5F00DBB9E3 /* Frameworks */ = {
			isa = PBXFrameworksBuildPhase;
			buildActionMask = 2147483647;
			files = (
			);
			runOnlyForDeploymentPostprocessing = 0;
		};
/* End PBXFrameworksBuildPhase section */

/* Begin PBXGroup section */
		37B04CE51F81CA5F00DBB9E3 = {
			isa = PBXGroup;
			children = (
				37B04CF01F81CA5F00DBB9E3 /* MyApp23 */,
				37B04CEF1F81CA5F00DBB9E3 /* Products */,
			);
			sourceTree = "<group>";
		};
		37B04CEF1F81CA5F00DBB9E3 /* Products */ = {
			isa = PBXGroup;
			children = (
				37B04CEE1F81CA5F00DBB9E3 /* MyApp23.app */,
			);
			name = Products;
			sourceTree = "<group>";
		};
		37B04CF01F81CA5F00DBB9E3 /* MyApp23 */ = {
			isa = PBXGroup;
			children = (
				37B04CF11F81CA5F00DBB9E3 /* AppDelegate.swift */,
				37B04CF31F81CA5F00DBB9E3 /* ViewController.swift */,
				37B04CF51F81CA5F00DBB9E3 /* Main.storyboard */,
				37B04CF81F81CA5F00DBB9E3 /* Assets.xcassets */,
				37B04CFA1F81CA5F00DBB9E3 /* LaunchScreen.storyboard */,
				37B04CFD1F81CA5F00DBB9E3 /* Info.plist */,
				37B04D031F81CB1500DBB9E3 /* brad.html */,
			);
			path = MyApp23;
			sourceTree = "<group>";
		};
/* End PBXGroup section */

/* Begin PBXNativeTarget section */
		37B04CED1F81CA5F00DBB9E3 /* MyApp23 */ = {
			isa = PBXNativeTarget;
			buildConfigurationList = 37B04D001F81CA5F00DBB9E3 /* Build configuration list for PBXNativeTarget "MyApp23" */;
			buildPhases = (
				37B04CEA1F81CA5F00DBB9E3 /* Sources */,
				37B04CEB1F81CA5F00DBB9E3 /* Frameworks */,
				37B04CEC1F81CA5F00DBB9E3 /* Resources */,
			);
			buildRules = (
			);
			dependencies = (
			);
			name = MyApp23;
			productName = MyApp23;
			productReference = 37B04CEE1F81CA5F00DBB9E3 /* MyApp23.app */;
			productType = "com.apple.product-type.application";
		};
/* End PBXNativeTarget section */

/* Begin PBXProject section */
		37B04CE61F81CA5F00DBB9E3 /* Project object */ = {
			isa = PBXProject;
			attributes = {
				LastSwiftUpdateCheck = 0900;
				LastUpgradeCheck = 0900;
				ORGANIZATIONNAME = "Brad Big Company";
				TargetAttributes = {
					37B04CED1F81CA5F00DBB9E3 = {
						CreatedOnToolsVersion = 9.0;
						ProvisioningStyle = Automatic;
					};
				};
			};
			buildConfigurationList = 37B04CE91F81CA5F00DBB9E3 /* Build configuration list for PBXProject "MyApp23" */;
			compatibilityVersion = "Xcode 8.0";
			developmentRegion = en;
			hasScannedForEncodings = 0;
			knownRegions = (
				en,
				Base,
			);
			mainGroup = 37B04CE51F81CA5F00DBB9E3;
			productRefGroup = 37B04CEF1F81CA5F00DBB9E3 /* Products */;
			projectDirPath = "";
			projectRoot = "";
			targets = (
				37B04CED1F81CA5F00DBB9E3 /* MyApp23 */,
			);
		};
/* End PBXProject section */

/* Begin PBXResourcesBuildPhase section */
		37B04CEC1F81CA5F00DBB9E3 /* Resources */ = {
			isa = PBXResourcesBuildPhase;
			buildActionMask = 2147483647;
			files = (
				37B04CFC1F81CA5F00DBB9E3 /* LaunchScreen.storyboard in Resources */,
				37B04D041F81CB1500DBB9E3 /* brad.html in Resources */,
				37B04CF91F81CA5F00DBB9E3 /* Assets.xcassets in Resources */,
				37B04CF71F81CA5F00DBB9E3 /* Main.storyboard in Resources */,
			);
			runOnlyForDeploymentPostprocessing = 0;
		};
/* End PBXResourcesBuildPhase section */

/* Begin PBXSourcesBuildPhase section */
		37B04CEA1F81CA5F00DBB9E3 /* Sources */ = {
			isa = PBXSourcesBuildPhase;
			buildActionMask = 2147483647;
			files = (
				37B04CF41F81CA5F00DBB9E3 /* ViewController.swift in Sources */,
				37B04CF21F81CA5F00DBB9E3 /* AppDelegate.swift in Sources */,
			);
			runOnlyForDeploymentPostprocessing = 0;
		};
/* End PBXSourcesBuildPhase section */

/* Begin PBXVariantGroup section */
		37B04CF51F81CA5F00DBB9E3 /* Main.storyboard */ = {
			isa = PBXVariantGroup;
			children = (
				37B04CF61F81CA5F00DBB9E3 /* Base */,
			);
			name = Main.storyboard;
			sourceTree = "<group>";
		};
		37B04CFA1F81CA5F00DBB9E3 /* LaunchScreen.storyboard */ = {
			isa = PBXVariantGroup;
			children = (
				37B04CFB1F81CA5F00DBB9E3 /* Base */,
			);
			name = LaunchScreen.storyboard;
			sourceTree = "<group>";
		};
/* End PBXVariantGroup section */

/* Begin XCBuildConfiguration section */
		37B04CFE1F81CA5F00DBB9E3 /* Debug */ = {
			isa = XCBuildConfiguration;
			buildSettings = {
				ALWAYS_SEARCH_USER_PATHS = NO;
				CLANG_ANALYZER_NONNULL = YES;
				CLANG_ANALYZER_NUMBER_OBJECT_CONVERSION = YES_AGGRESSIVE;
				CLANG_CXX_LANGUAGE_STANDARD = "gnu++14";
				CLANG_CXX_LIBRARY = "libc++";
				CLANG_ENABLE_MODULES = YES;
				CLANG_ENABLE_OBJC_ARC = YES;
				CLANG_WARN_BLOCK_CAPTURE_AUTORELEASING = YES;
				CLANG_WARN_BOOL_CONVERSION = YES;
				CLANG_WARN_COMMA = YES;
				CLANG_WARN_CONSTANT_CONVERSION = YES;
				CLANG_WARN_DIRECT_OBJC_ISA_USAGE = YES_ERROR;
				CLANG_WARN_DOCUMENTATION_COMMENTS = YES;
				CLANG_WARN_EMPTY_BODY = YES;
				CLANG_WARN_ENUM_CONVERSION = YES;
				CLANG_WARN_INFINITE_RECURSION = YES;
				CLANG_WARN_INT_CONVERSION = YES;
				CLANG_WARN_NON_LITERAL_NULL_CONVERSION = YES;
				CLANG_WARN_OBJC_LITERAL_CONVERSION = YES;
				CLANG_WARN_OBJC_ROOT_CLASS = YES_ERROR;
				CLANG_WARN_RANGE_LOOP_ANALYSIS = YES;
				CLANG_WARN_STRICT_PROTOTYPES = YES;
				CLANG_WARN_SUSPICIOUS_MOVE = YES;
				CLANG_WARN_UNGUARDED_AVAILABILITY = YES_AGGRESSIVE;
				CLANG_WARN_UNREACHABLE_CODE = YES;
				CLANG_WARN__DUPLICATE_METHOD_MATCH = YES;
				CODE_SIGN_IDENTITY = "iPhone Developer";
				COPY_PHASE_STRIP = NO;
				DEBUG_INFORMATION_FORMAT = dwarf;
				ENABLE_STRICT_OBJC_MSGSEND = YES;
				ENABLE_TESTABILITY = YES;
				GCC_C_LANGUAGE_STANDARD = gnu11;
				GCC_DYNAMIC_NO_PIC = NO;
				GCC_NO_COMMON_BLOCKS = YES;
				GCC_OPTIMIZATION_LEVEL = 0;
				GCC_PREPROCESSOR_DEFINITIONS = (
					"DEBUG=1",
					"$(inherited)",
				);
				GCC_WARN_64_TO_32_BIT_CONVERSION = YES;
				GCC_WARN_ABOUT_RETURN_TYPE = YES_ERROR;
				GCC_WARN_UNDECLARED_SELECTOR = YES;
				GCC_WARN_UNINITIALIZED_AUTOS = YES_AGGRESSIVE;
				GCC_WARN_UNUSED_FUNCTION = YES;
				GCC_WARN_UNUSED_VARIABLE = YES;
				IPHONEOS_DEPLOYMENT_TARGET = 11.0;
				MTL_ENABLE_DEBUG_INFO = YES;
				ONLY_ACTIVE_ARCH = YES;
				SDKROOT = iphoneos;
				SWIFT_ACTIVE_COMPILATION_CONDITIONS = DEBUG;
				SWIFT_OPTIMIZATION_LEVEL = "-Onone";
			};
			name = Debug;
		};
		37B04CFF1F81CA5F00DBB9E3 /* Release */ = {
			isa = XCBuildConfiguration;
			buildSettings = {
				ALWAYS_SEARCH_USER_PATHS = NO;
				CLANG_ANALYZER_NONNULL = YES;
				CLANG_ANALYZER_NUMBER_OBJECT_CONVERSION = YES_AGGRESSIVE;
				CLANG_CXX_LANGUAGE_STANDARD = "gnu++14";
				CLANG_CXX_LIBRARY = "libc++";
				CLANG_ENABLE_MODULES = YES;
				CLANG_ENABLE_OBJC_ARC = YES;
				CLANG_WARN_BLOCK_CAPTURE_AUTORELEASING = YES;
				CLANG_WARN_BOOL_CONVERSION = YES;
				CLANG_WARN_COMMA = YES;
				CLANG_WARN_CONSTANT_CONVERSION = YES;
				CLANG_WARN_DIRECT_OBJC_ISA_USAGE = YES_ERROR;
				CLANG_WARN_DOCUMENTATION_COMMENTS = YES;
				CLANG_WARN_EMPTY_BODY = YES;
				CLANG_WARN_ENUM_CONVERSION = YES;
				CLANG_WARN_INFINITE_RECURSION = YES;
				CLANG_WARN_INT_CONVERSION = YES;
				CLANG_WARN_NON_LITERAL_NULL_CONVERSION = YES;
				CLANG_WARN_OBJC_LITERAL_CONVERSION = YES;
				CLANG_WARN_OBJC_ROOT_CLASS = YES_ERROR;
				CLANG_WARN_RANGE_LOOP_ANALYSIS = YES;
				CLANG_WARN_STRICT_PROTOTYPES = YES;
				CLANG_WARN_SUSPICIOUS_MOVE = YES;
				CLANG_WARN_UNGUARDED_AVAILABILITY = YES_AGGRESSIVE;
				CLANG_WARN_UNREACHABLE_CODE = YES;
				CLANG_WARN__DUPLICATE_METHOD_MATCH = YES;
				CODE_SIGN_IDENTITY = "iPhone Developer";
				COPY_PHASE_STRIP = NO;
				DEBUG_INFORMATION_FORMAT = "dwarf-with-dsym";
				ENABLE_NS_ASSERTIONS = NO;
				ENABLE_STRICT_OBJC_MSGSEND = YES;
				GCC_C_LANGUAGE_STANDARD = gnu11;
				GCC_NO_COMMON_BLOCKS = YES;
				GCC_WARN_64_TO_32_BIT_CONVERSION = YES;
				GCC_WARN_ABOUT_RETURN_TYPE = YES_ERROR;
				GCC_WARN_UNDECLARED_SELECTOR = YES;
				GCC_WARN_UNINITIALIZED_AUTOS = YES_AGGRESSIVE;
				GCC_WARN_UNUSED_FUNCTION = YES;
				GCC_WARN_UNUSED_VARIABLE = YES;
				IPHONEOS_DEPLOYMENT_TARGET = 11.0;
				MTL_ENABLE_DEBUG_INFO = NO;
				SDKROOT = iphoneos;
				SWIFT_OPTIMIZATION_LEVEL = "-Owholemodule";
				VALIDATE_PRODUCT = YES;
			};
			name = Release;
		};
		37B04D011F81CA5F00DBB9E3 /* Debug */ = {
			isa = XCBuildConfiguration;
			buildSettings = {
				ASSETCATALOG_COMPILER_APPICON_NAME = AppIcon;
				CODE_SIGN_STYLE = Automatic;
				DEVELOPMENT_TEAM = 2345S78GFH;
				INFOPLIST_FILE = MyApp23/Info.plist;
				LD_RUNPATH_SEARCH_PATHS = "$(inherited) @executable_path/Frameworks";
				PRODUCT_BUNDLE_IDENTIFIER = tw.org.iii.MyApp23;
				PRODUCT_NAME = "$(TARGET_NAME)";
				SWIFT_VERSION = 4.0;
				TARGETED_DEVICE_FAMILY = "1,2";
			};
			name = Debug;
		};
		37B04D021F81CA5F00DBB9E3 /* Release */ = {
			isa = XCBuildConfiguration;
			buildSettings = {
				ASSETCATALOG_COMPILER_APPICON_NAME = AppIcon;
				CODE_SIGN_STYLE = Automatic;
				DEVELOPMENT_TEAM = 2345S78GFH;
				INFOPLIST_FILE = MyApp23/Info.plist;
				LD_RUNPATH_SEARCH_PATHS = "$(inherited) @executable_path/Frameworks";
				PRODUCT_BUNDLE_IDENTIFIER = tw.org.iii.MyApp23;
				PRODUCT_NAME = "$(TARGET_NAME)";
				SWIFT_VERSION = 4.0;
				TARGETED_DEVICE_FAMILY = "1,2";
			};
			name = Release;
		};
/* End XCBuildConfiguration section */

/* Begin XCConfigurationList section */
		37B04CE91F81CA5F00DBB9E3 /* Build configuration list for PBXProject "MyApp23" */ = {
			isa = XCConfigurationList;
			buildConfigurations = (
				37B04CFE1F81CA5F00DBB9E3 /* Debug */,
				37B04CFF1F81CA5F00DBB9E3 /* Release */,
			);
			defaultConfigurationIsVisible = 0;
			defaultConfigurationName = Release;
		};
		37B04D001F81CA5F00DBB9E3 /* Build configuration list for PBXNativeTarget "MyApp23" */ = {
			isa = XCConfigurationList;
			buildConfigurations = (
				37B04D011F81CA5F00DBB9E3 /* Debug */,
				37B04D021F81CA5F00DBB9E3 /* Release */,
			);
			defaultConfigurationIsVisible = 0;
			defaultConfigurationName = Release;
		};
/* End XCConfigurationList section */
	};
	rootObject = 37B04CE61F81CA5F00DBB9E3 /* Project object */;
}
